
Microsoft Visual Studio Solution File, Format Version 12.00
# Visual Studio Version 17
VisualStudioVersion = 17.11.35222.181
MinimumVisualStudioVersion = 10.0.40219.1
Project("{FAE04EC0-301F-11D3-BF4B-00C04F79EFBC}") = "PersonalRegister", "PersonalRegister.csproj", "{B61D700D-FDFD-48ED-AA47-AC8A9C23509A}"
EndProject
Global
	GlobalSection(SolutionConfigurationPlatforms) = preSolution
		Debug|Any CPU = Debug|Any CPU
		Release|Any CPU = Release|Any CPU
	EndGlobalSection
	GlobalSection(ProjectConfigurationPlatforms) = postSolution
		{B61D700D-FDFD-48ED-AA47-AC8A9C23509A}.Debug|Any CPU.ActiveCfg = Debug|Any CPU
		{B61D700D-FDFD-48ED-AA47-AC8A9C23509A}.Debug|Any CPU.Build.0 = Debug|Any CPU
		{B61D700D-FDFD-48ED-AA47-AC8A9C23509A}.Release|Any CPU.ActiveCfg = Release|Any CPU
		{B61D700D-FDFD-48ED-AA47-AC8A9C23509A}.Release|Any CPU.Build.0 = Release|Any CPU
	EndGlobalSection
	GlobalSection(SolutionProperties) = preSolution
		HideSolutionNode = FALSE
	EndGlobalSection
	GlobalSection(ExtensibilityGlobals) = postSolution
		SolutionGuid = {B04C6B47-20AE-4EA4-A710-82523A59A67D}
	EndGlobalSection
EndGlobal
